
Microsoft Visual Studio Solution File, Format Version 12.00
# Visual Studio Version 17
VisualStudioVersion = 17.0.32112.339
MinimumVisualStudioVersion = 10.0.40219.1
Project("{FAE04EC0-301F-11D3-BF4B-00C04F79EFBC}") = "SolicitaTCC.API.csharp", "SolicitaTCC.API.csharp\SolicitaTCC.API.csharp.csproj", "{76A9A233-B200-4AA9-9E52-055438990694}"
EndProject
Global
	GlobalSection(SolutionConfigurationPlatforms) = preSolution
		Debug|Any CPU = Debug|Any CPU
		Release|Any CPU = Release|Any CPU
	EndGlobalSection
	GlobalSection(ProjectConfigurationPlatforms) = postSolution
		{76A9A233-B200-4AA9-9E52-055438990694}.Debug|Any CPU.ActiveCfg = Debug|Any CPU
		{76A9A233-B200-4AA9-9E52-055438990694}.Debug|Any CPU.Build.0 = Debug|Any CPU
		{76A9A233-B200-4AA9-9E52-055438990694}.Release|Any CPU.ActiveCfg = Release|Any CPU
		{76A9A233-B200-4AA9-9E52-055438990694}.Release|Any CPU.Build.0 = Release|Any CPU
	EndGlobalSection
	GlobalSection(SolutionProperties) = preSolution
		HideSolutionNode = FALSE
	EndGlobalSection
	GlobalSection(ExtensibilityGlobals) = postSolution
		SolutionGuid = {9578C95D-8D21-4298-A746-A59D78F88FDD}
	EndGlobalSection
EndGlobal
